#
# This file is autogenerated by pip-compile with Python 3.12
# by the following command:
#
#    pip-compile --generate-hashes --output-file=requirements.lock requirements.txt
#
annotated-doc==0.0.4 \
    --hash=sha256:571ac1dc6991c450b25a9c2d84a3705e2ae7a53467b5d111c24fa8baabbed320 \
    --hash=sha256:fbcda96e87e9c92ad167c2e53839e57503ecfda18804ea28102353485033faa4
    # via fastapi
annotated-types==0.7.0 \
    --hash=sha256:1f02e8b43a8fbbc3f3e0d4f0f4bfc8131bcb4eebe8849b8e5c773f3a1c582a53 \
    --hash=sha256:aff07c09a53a08bc8cfccb9c85b05f1aa9a2a6f23728d790723543408344ce89
    # via pydantic
anyio==4.13.0 \
    --hash=sha256:08b310f9e24a9594186fd75b4f73f4a4152069e3853f1ed8bfbf58369f4ad708 \
    --hash=sha256:334b70e641fd2221c1505b3890c69882fe4a2df910cba14d97019b90b24439dc
    # via
    #   httpx
    #   sse-starlette
    #   starlette
certifi==2026.2.25 \
    --hash=sha256:027692e4402ad994f1c42e52a4997a9763c646b73e4096e4d5d6db8af1d6f0fa \
    --hash=sha256:e887ab5cee78ea814d3472169153c2d12cd43b14bd03329a39a9c6e2e80bfba7
    # via
    #   httpcore
    #   httpx
click==8.3.1 \
    --hash=sha256:12ff4785d337a1bb490bb7e9c2b1ee5da3112e94a8622f26a6c77f5d2fc6842a \
    --hash=sha256:981153a64e25f12d547d3426c367a4857371575ee7ad18df2a6183ab0545b2a6
    # via uvicorn
colorama==0.4.6 \
    --hash=sha256:08695f5cb7ed6e0531a20572697297273c47b8cae5a63ffc6d6ed5c201be6e44 \
    --hash=sha256:4f1d9991f5acc0ca119f9d443620b77f9d6b33703e51011c16baf57afb285fc6
    # via
    #   click
    #   tqdm
deprecated==1.3.1 \
    --hash=sha256:597bfef186b6f60181535a29fbe44865ce137a5079f295b479886c82729d5f3f \
    --hash=sha256:b1b50e0ff0c1fddaa5708a2c6b0a6588bb09b892825ab2b214ac9ea9d92a5223
    # via limits
deprecation==2.1.0 \
    --hash=sha256:72b3bde64e5d778694b0cf68178aed03d15e15477116add3fb773e581f9518ff \
    --hash=sha256:a10811591210e1fb0e768a8c25517cabeabcba6f0bf96564f8ff45189f90b14a
    # via lancedb
fastapi==0.120.4 \
    --hash=sha256:2d856bc847893ca4d77896d4504ffdec0fb04312b705065fca9104428eca3868 \
    --hash=sha256:9bdf192308676480d3593e10fd05094e56d6fdc7d9283db26053d8104d5f82a0
    # via -r requirements.txt
h11==0.16.0 \
    --hash=sha256:4e35b956cf45792e4caa5885e69fba00bdbc6ffafbfa020300e549b208ee5ff1 \
    --hash=sha256:63cf8bbe7522de3bf65932fda1d9c2772064ffb3dae62d55932da54b31cb6c86
    # via
    #   httpcore
    #   uvicorn
httpcore==1.0.9 \
    --hash=sha256:2d400746a40668fc9dec9810239072b40b4484b640a8c38fd654a024c7a1bf55 \
    --hash=sha256:6e34463af53fd2ab5d807f399a9b45ea31c3dfa2276f15a2c3f00afff6e176e8
    # via httpx
httpx==0.28.1 \
    --hash=sha256:75e98c5f16b0f35b567856f597f06ff2270a374470a5c2392242528e3e3e42fc \
    --hash=sha256:d909fcccc110f8c7faf814ca82a9a4d816bc5a6dbfea25d6591d6985b8ba59ad
    # via -r requirements.txt
idna==3.11 \
    --hash=sha256:771a87f49d9defaf64091e6e6fe9c18d4833f140bd19464795bc32d966ca37ea \
    --hash=sha256:795dafcc9c04ed0c1fb032c2aa73654d8e8c5023a7df64a53f39190ada629902
    # via
    #   anyio
    #   httpx
lance-namespace==0.6.1 \
    --hash=sha256:9699c9e3f12236e5e08ea979cc4e036a8e3c67ed2f37ae6f25c5353ab908e1be \
    --hash=sha256:f0deea442bd3f1056a8e2fed056ae2778e3356517ec2e680db049058b824d131
    # via lancedb
lance-namespace-urllib3-client==0.6.1 \
    --hash=sha256:31fbd058ce1ea0bf49045cdeaa756360ece0bc61e9e10276f41af6d217debe87 \
    --hash=sha256:b9c103e1377ad46d2bd70eec894bfec0b1e2133dae0964d7e4de543c6e16293b
    # via lance-namespace
lancedb==0.30.0 \
    --hash=sha256:05c66f40f7d4f6f24208e786c40f84b87b1b8e55505305849dd3fed3b78431a3 \
    --hash=sha256:0a967ec05f9930770aeb077bc5579769b1bedf559fcd03a592d9644084625918 \
    --hash=sha256:4751ff0446b90be4d4dccfe05f6c105f403a05f3b8531ab99eedc1c656aca950 \
    --hash=sha256:bdcd27d98554ed11b6f345b14d1307b0e2332d5654767e9ee2e23d9b2d6513d1 \
    --hash=sha256:be2a9a43a65c330ccfd08115afb26106cd8d16788522fe7693d3a1f4e01ad321 \
    --hash=sha256:be6a4ba2a1799a426cbf2ba5ea2559a7389a569e9a31f2409d531ceb59d42f35
    # via -r requirements.txt
limits==5.8.0 \
    --hash=sha256:ae1b008a43eb43073c3c579398bd4eb4c795de60952532dc24720ab45e1ac6b8 \
    --hash=sha256:c9e0d74aed837e8f6f50d1fcebcf5fd8130957287206bc3799adaee5092655da
    # via slowapi
numpy==2.2.6 \
    --hash=sha256:038613e9fb8c72b0a41f025a7e4c3f0b7a1b5d768ece4796b674c8f3fe13efff \
    --hash=sha256:0678000bb9ac1475cd454c6b8c799206af8107e310843532b04d49649c717a47 \
    --hash=sha256:0811bb762109d9708cca4d0b13c4f67146e3c3b7cf8d34018c722adb2d957c84 \
    --hash=sha256:0b605b275d7bd0c640cad4e5d30fa701a8d59302e127e5f79138ad62762c3e3d \
    --hash=sha256:0bca768cd85ae743b2affdc762d617eddf3bcf8724435498a1e80132d04879e6 \
    --hash=sha256:1bc23a79bfabc5d056d106f9befb8d50c31ced2fbc70eedb8155aec74a45798f \
    --hash=sha256:287cc3162b6f01463ccd86be154f284d0893d2b3ed7292439ea97eafa8170e0b \
    --hash=sha256:37c0ca431f82cd5fa716eca9506aefcabc247fb27ba69c5062a6d3ade8cf8f49 \
    --hash=sha256:37e990a01ae6ec7fe7fa1c26c55ecb672dd98b19c3d0e1d1f326fa13cb38d163 \
    --hash=sha256:389d771b1623ec92636b0786bc4ae56abafad4a4c513d36a55dce14bd9ce8571 \
    --hash=sha256:3d70692235e759f260c3d837193090014aebdf026dfd167834bcba43e30c2a42 \
    --hash=sha256:41c5a21f4a04fa86436124d388f6ed60a9343a6f767fced1a8a71c3fbca038ff \
    --hash=sha256:481b49095335f8eed42e39e8041327c05b0f6f4780488f61286ed3c01368d491 \
    --hash=sha256:4eeaae00d789f66c7a25ac5f34b71a7035bb474e679f410e5e1a94deb24cf2d4 \
    --hash=sha256:55a4d33fa519660d69614a9fad433be87e5252f4b03850642f88993f7b2ca566 \
    --hash=sha256:5a6429d4be8ca66d889b7cf70f536a397dc45ba6faeb5f8c5427935d9592e9cf \
    --hash=sha256:5bd4fc3ac8926b3819797a7c0e2631eb889b4118a9898c84f585a54d475b7e40 \
    --hash=sha256:5beb72339d9d4fa36522fc63802f469b13cdbe4fdab4a288f0c441b74272ebfd \
    --hash=sha256:6031dd6dfecc0cf9f668681a37648373bddd6421fff6c66ec1624eed0180ee06 \
    --hash=sha256:71594f7c51a18e728451bb50cc60a3ce4e6538822731b2933209a1f3614e9282 \
    --hash=sha256:74d4531beb257d2c3f4b261bfb0fc09e0f9ebb8842d82a7b4209415896adc680 \
    --hash=sha256:7befc596a7dc9da8a337f79802ee8adb30a552a94f792b9c9d18c840055907db \
    --hash=sha256:894b3a42502226a1cac872f840030665f33326fc3dac8e57c607905773cdcde3 \
    --hash=sha256:8e41fd67c52b86603a91c1a505ebaef50b3314de0213461c7a6e99c9a3beff90 \
    --hash=sha256:8e9ace4a37db23421249ed236fdcdd457d671e25146786dfc96835cd951aa7c1 \
    --hash=sha256:8fc377d995680230e83241d8a96def29f204b5782f371c532579b4f20607a289 \
    --hash=sha256:9551a499bf125c1d4f9e250377c1ee2eddd02e01eac6644c080162c0c51778ab \
    --hash=sha256:b0544343a702fa80c95ad5d3d608ea3599dd54d4632df855e4c8d24eb6ecfa1c \
    --hash=sha256:b093dd74e50a8cba3e873868d9e93a85b78e0daf2e98c6797566ad8044e8363d \
    --hash=sha256:b412caa66f72040e6d268491a59f2c43bf03eb6c96dd8f0307829feb7fa2b6fb \
    --hash=sha256:b4f13750ce79751586ae2eb824ba7e1e8dba64784086c98cdbbcc6a42112ce0d \
    --hash=sha256:b64d8d4d17135e00c8e346e0a738deb17e754230d7e0810ac5012750bbd85a5a \
    --hash=sha256:ba10f8411898fc418a521833e014a77d3ca01c15b0c6cdcce6a0d2897e6dbbdf \
    --hash=sha256:bd48227a919f1bafbdda0583705e547892342c26fb127219d60a5c36882609d1 \
    --hash=sha256:c1f9540be57940698ed329904db803cf7a402f3fc200bfe599334c9bd84a40b2 \
    --hash=sha256:c820a93b0255bc360f53eca31a0e676fd1101f673dda8da93454a12e23fc5f7a \
    --hash=sha256:ce47521a4754c8f4593837384bd3424880629f718d87c5d44f8ed763edd63543 \
    --hash=sha256:d042d24c90c41b54fd506da306759e06e568864df8ec17ccc17e9e884634fd00 \
    --hash=sha256:de749064336d37e340f640b05f24e9e3dd678c57318c7289d222a8a2f543e90c \
    --hash=sha256:e1dda9c7e08dc141e0247a5b8f49cf05984955246a327d4c48bda16821947b2f \
    --hash=sha256:e29554e2bef54a90aa5cc07da6ce955accb83f21ab5de01a62c8478897b264fd \
    --hash=sha256:e3143e4451880bed956e706a3220b4e5cf6172ef05fcc397f6f36a550b1dd868 \
    --hash=sha256:e8213002e427c69c45a52bbd94163084025f533a55a59d6f9c5b820774ef3303 \
    --hash=sha256:efd28d4e9cd7d7a8d39074a4d44c63eda73401580c5c76acda2ce969e0a38e83 \
    --hash=sha256:f0fd6321b839904e15c46e0d257fdd101dd7f530fe03fd6359c1ea63738703f3 \
    --hash=sha256:f1372f041402e37e5e633e586f62aa53de2eac8d98cbfb822806ce4bbefcb74d \
    --hash=sha256:f2618db89be1b4e05f7a1a847a9c1c0abd63e63a1607d892dd54668dd92faf87 \
    --hash=sha256:f447e6acb680fd307f40d3da4852208af94afdfab89cf850986c3ca00562f4fa \
    --hash=sha256:f92729c95468a2f4f15e9bb94c432a9229d0d50de67304399627a943201baa2f \
    --hash=sha256:f9f1adb22318e121c5c69a09142811a201ef17ab257a1e66ca3025065b7f53ae \
    --hash=sha256:fc0c5673685c508a142ca65209b4e79ed6740a4ed6b2267dbba90f34b0b3cfda \
    --hash=sha256:fc7b73d02efb0e18c000e9ad8b83480dfcd5dfd11065997ed4c6747470ae8915 \
    --hash=sha256:fd83c01228a688733f1ded5201c678f0c53ecc1006ffbc404db9f7a899ac6249 \
    --hash=sha256:fe27749d33bb772c80dcd84ae7e8df2adc920ae8297400dabec45f0dedb3f6de \
    --hash=sha256:fee4236c876c4e8369388054d02d0e9bb84821feb1a64dd59e137e6511a551f8
    # via
    #   -r requirements.txt
    #   lancedb
packaging==26.0 \
    --hash=sha256:00243ae351a257117b6a241061796684b084ed1c516a08c48a3f7e147a9d80b4 \
    --hash=sha256:b36f1fef9334a5588b4166f8bcd26a14e521f2b55e6b9de3aaa80d3ff7a37529
    # via
    #   deprecation
    #   lancedb
    #   limits
pyarrow==20.0.0 \
    --hash=sha256:00138f79ee1b5aca81e2bdedb91e3739b987245e11fa3c826f9e57c5d102fb75 \
    --hash=sha256:11529a2283cb1f6271d7c23e4a8f9f8b7fd173f7360776b668e509d712a02eec \
    --hash=sha256:15aa1b3b2587e74328a730457068dc6c89e6dcbf438d4369f572af9d320a25ee \
    --hash=sha256:1bcbe471ef3349be7714261dea28fe280db574f9d0f77eeccc195a2d161fd861 \
    --hash=sha256:204a846dca751428991346976b914d6d2a82ae5b8316a6ed99789ebf976551e6 \
    --hash=sha256:211d5e84cecc640c7a3ab900f930aaff5cd2702177e0d562d426fb7c4f737781 \
    --hash=sha256:24ca380585444cb2a31324c546a9a56abbe87e26069189e14bdba19c86c049f0 \
    --hash=sha256:2c3a01f313ffe27ac4126f4c2e5ea0f36a5fc6ab51f8726cf41fee4b256680bd \
    --hash=sha256:30b3051b7975801c1e1d387e17c588d8ab05ced9b1e14eec57915f79869b5031 \
    --hash=sha256:3346babb516f4b6fd790da99b98bed9708e3f02e734c84971faccb20736848dc \
    --hash=sha256:3e1f8a47f4b4ae4c69c4d702cfbdfe4d41e18e5c7ef6f1bb1c50918c1e81c57b \
    --hash=sha256:4250e28a22302ce8692d3a0e8ec9d9dde54ec00d237cff4dfa9c1fbf79e472a8 \
    --hash=sha256:4680f01ecd86e0dd63e39eb5cd59ef9ff24a9d166db328679e36c108dc993d4c \
    --hash=sha256:4a8b029a07956b8d7bd742ffca25374dd3f634b35e46cc7a7c3fa4c75b297191 \
    --hash=sha256:4ba3cf4182828be7a896cbd232aa8dd6a31bd1f9e32776cc3796c012855e1199 \
    --hash=sha256:5605919fbe67a7948c1f03b9f3727d82846c053cd2ce9303ace791855923fd20 \
    --hash=sha256:5f0fb1041267e9968c6d0d2ce3ff92e3928b243e2b6d11eeb84d9ac547308232 \
    --hash=sha256:6102b4864d77102dbbb72965618e204e550135a940c2534711d5ffa787df2a5a \
    --hash=sha256:6415a0d0174487456ddc9beaead703d0ded5966129fa4fd3114d76b5d1c5ceae \
    --hash=sha256:6bb830757103a6cb300a04610e08d9636f0cd223d32f388418ea893a3e655f1c \
    --hash=sha256:6fc1499ed3b4b57ee4e090e1cea6eb3584793fe3d1b4297bbf53f09b434991a5 \
    --hash=sha256:75a51a5b0eef32727a247707d4755322cb970be7e935172b6a3a9f9ae98404ba \
    --hash=sha256:7a3a5dcf54286e6141d5114522cf31dd67a9e7c9133d150799f30ee302a7a1ab \
    --hash=sha256:7f4c8534e2ff059765647aa69b75d6543f9fef59e2cd4c6d18015192565d2b70 \
    --hash=sha256:82f1ee5133bd8f49d31be1299dc07f585136679666b502540db854968576faf9 \
    --hash=sha256:851c6a8260ad387caf82d2bbf54759130534723e37083111d4ed481cb253cc0d \
    --hash=sha256:89e030dc58fc760e4010148e6ff164d2f44441490280ef1e97a542375e41058e \
    --hash=sha256:95b330059ddfdc591a3225f2d272123be26c8fa76e8c9ee1a77aad507361cfdb \
    --hash=sha256:96d6a0a37d9c98be08f5ed6a10831d88d52cac7b13f5287f1e0f625a0de8062b \
    --hash=sha256:96e37f0766ecb4514a899d9a3554fadda770fb57ddf42b63d80f14bc20aa7db3 \
    --hash=sha256:97c8dc984ed09cb07d618d57d8d4b67a5100a30c3818c2fb0b04599f0da2de7b \
    --hash=sha256:991f85b48a8a5e839b2128590ce07611fae48a904cae6cab1f089c5955b57eb5 \
    --hash=sha256:9965a050048ab02409fb7cbbefeedba04d3d67f2cc899eff505cc084345959ca \
    --hash=sha256:9b71daf534f4745818f96c214dbc1e6124d7daf059167330b610fc69b6f3d3e3 \
    --hash=sha256:a15532e77b94c61efadde86d10957950392999503b3616b2ffcef7621a002893 \
    --hash=sha256:a18a14baef7d7ae49247e75641fd8bcbb39f44ed49a9fc4ec2f65d5031aa3b96 \
    --hash=sha256:a1f60dc14658efaa927f8214734f6a01a806d7690be4b3232ba526836d216122 \
    --hash=sha256:a2791f69ad72addd33510fec7bb14ee06c2a448e06b649e264c094c5b5f7ce28 \
    --hash=sha256:a5704f29a74b81673d266e5ec1fe376f060627c2e42c5c7651288ed4b0db29e9 \
    --hash=sha256:a6ad3e7758ecf559900261a4df985662df54fb7fdb55e8e3b3aa99b23d526b62 \
    --hash=sha256:aa0d288143a8585806e3cc7c39566407aab646fb9ece164609dac1cfff45f6ae \
    --hash=sha256:b6953f0114f8d6f3d905d98e987d0924dabce59c3cda380bdfaa25a6201563b4 \
    --hash=sha256:b8ff87cc837601532cc8242d2f7e09b4e02404de1b797aee747dd4ba4bd6313f \
    --hash=sha256:c7dd06fd7d7b410ca5dc839cc9d485d2bc4ae5240851bcd45d85105cc90a47d7 \
    --hash=sha256:ca151afa4f9b7bc45bcc791eb9a89e90a9eb2772767d0b1e5389609c7d03db63 \
    --hash=sha256:cb497649e505dc36542d0e68eca1a3c94ecbe9799cb67b578b55f2441a247fbc \
    --hash=sha256:d5382de8dc34c943249b01c19110783d0d64b207167c728461add1ecc2db88e4 \
    --hash=sha256:db53390eaf8a4dab4dbd6d93c85c5cf002db24902dbff0ca7d988beb5c9dd15b \
    --hash=sha256:dd43f58037443af715f34f1322c782ec463a3c8a94a85fdb2d987ceb5658e061 \
    --hash=sha256:e22f80b97a271f0a7d9cd07394a7d348f80d3ac63ed7cc38b6d1b696ab3b2619 \
    --hash=sha256:e724a3fd23ae5b9c010e7be857f4405ed5e679db5c93e66204db1a69f733936a \
    --hash=sha256:e8b88758f9303fa5a83d6c90e176714b2fd3852e776fc2d7e42a22dd6c2fb368 \
    --hash=sha256:f2d67ac28f57a362f1a2c1e6fa98bfe2f03230f7e15927aecd067433b1e70ce8 \
    --hash=sha256:f3b117b922af5e4c6b9a9115825726cac7d8b1421c37c2b5e24fbacc8930612c \
    --hash=sha256:febc4a913592573c8d5805091a6c2b5064c8bd6e002131f01061797d91c783c1
    # via
    #   -r requirements.txt
    #   lancedb
pydantic==2.12.5 \
    --hash=sha256:4d351024c75c0f085a9febbb665ce8c0c6ec5d30e903bdb6394b7ede26aebb49 \
    --hash=sha256:e561593fccf61e8a20fc46dfc2dfe075b8be7d0188df33f221ad1f0139180f9d
    # via
    #   -r requirements.txt
    #   fastapi
    #   lance-namespace-urllib3-client
    #   lancedb
    #   pydantic-settings
pydantic-core==2.41.5 \
    --hash=sha256:0177272f88ab8312479336e1d777f6b124537d47f2123f89cb37e0accea97f90 \
    --hash=sha256:01a3d0ab748ee531f4ea6c3e48ad9dac84ddba4b0d82291f87248f2f9de8d740 \
    --hash=sha256:0384e2e1021894b1ff5a786dbf94771e2986ebe2869533874d7e43bc79c6f504 \
    --hash=sha256:03b77d184b9eb40240ae9fd676ca364ce1085f203e1b1256f8ab9984dca80a84 \
    --hash=sha256:03ca43e12fab6023fc79d28ca6b39b05f794ad08ec2feccc59a339b02f2b3d33 \
    --hash=sha256:05a2c8852530ad2812cb7914dc61a1125dc4e06252ee98e5638a12da6cc6fb6c \
    --hash=sha256:070259a8818988b9a84a449a2a7337c7f430a22acc0859c6b110aa7212a6d9c0 \
    --hash=sha256:08daa51ea16ad373ffd5e7606252cc32f07bc72b28284b6bc9c6df804816476e \
    --hash=sha256:0cbaad15cb0c90aa221d43c00e77bb33c93e8d36e0bf74760cd00e732d10a6a0 \
    --hash=sha256:100baa204bb412b74fe285fb0f3a385256dad1d1879f0a5cb1499ed2e83d132a \
    --hash=sha256:112e305c3314f40c93998e567879e887a3160bb8689ef3d2c04b6cc62c33ac34 \
    --hash=sha256:16f80f7abe3351f8ea6858914ddc8c77e02578544a0ebc15b4c2e1a0e813b0b2 \
    --hash=sha256:1746d4a3d9a794cacae06a5eaaccb4b8643a131d45fbc9af23e353dc0a5ba5c3 \
    --hash=sha256:1962293292865bca8e54702b08a4f26da73adc83dd1fcf26fbc875b35d81c815 \
    --hash=sha256:1d1d9764366c73f996edd17abb6d9d7649a7eb690006ab6adbda117717099b14 \
    --hash=sha256:1f8d33a7f4d5a7889e60dc39856d76d09333d8a6ed0f5f1190635cbec70ec4ba \
    --hash=sha256:22f0fb8c1c583a3b6f24df2470833b40207e907b90c928cc8d3594b76f874375 \
    --hash=sha256:239edca560d05757817c13dc17c50766136d21f7cd0fac50295499ae24f90fdf \
    --hash=sha256:242a206cd0318f95cd21bdacff3fcc3aab23e79bba5cac3db5a841c9ef9c6963 \
    --hash=sha256:25e1c2af0fce638d5f1988b686f3b3ea8cd7de5f244ca147c777769e798a9cd1 \
    --hash=sha256:266fb4cbf5e3cbd0b53669a6d1b039c45e3ce651fd5442eff4d07c2cc8d66808 \
    --hash=sha256:2782c870e99878c634505236d81e5443092fba820f0373997ff75f90f68cd553 \
    --hash=sha256:287dad91cfb551c363dc62899a80e9e14da1f0e2b6ebde82c806612ca2a13ef1 \
    --hash=sha256:29452c56df2ed968d18d7e21f4ab0ac55e71dc59524872f6fc57dcf4a3249ed2 \
    --hash=sha256:299e0a22e7ae2b85c1a57f104538b2656e8ab1873511fd718a1c1c6f149b77b5 \
    --hash=sha256:2a5e06546e19f24c6a96a129142a75cee553cc018ffee48a460059b1185f4470 \
    --hash=sha256:2b761d210c9ea91feda40d25b4efe82a1707da2ef62901466a42492c028553a2 \
    --hash=sha256:2c010c6ded393148374c0f6f0bf89d206bf3217f201faa0635dcd56bd1520f6b \
    --hash=sha256:2ff4321e56e879ee8d2a879501c8e469414d948f4aba74a2d4593184eb326660 \
    --hash=sha256:3006c3dd9ba34b0c094c544c6006cc79e87d8612999f1a5d43b769b89181f23c \
    --hash=sha256:33cb885e759a705b426baada1fe68cbb0a2e68e34c5d0d0289a364cf01709093 \
    --hash=sha256:346285d28e4c8017da95144c7f3acd42740d637ff41946af5ce6e5e420502dd5 \
    --hash=sha256:34a64bc3441dc1213096a20fe27e8e128bd3ff89921706e83c0b1ac971276594 \
    --hash=sha256:35b44f37a3199f771c3eaa53051bc8a70cd7b54f333531c59e29fd4db5d15008 \
    --hash=sha256:378bec5c66998815d224c9ca994f1e14c0c21cb95d2f52b6021cc0b2a58f2a5a \
    --hash=sha256:3f37a19d7ebcdd20b96485056ba9e8b304e27d9904d233d7b1015db320e51f0a \
    --hash=sha256:3f84d5c1b4ab906093bdc1ff10484838aca54ef08de4afa9de0f5f14d69639cd \
    --hash=sha256:4009935984bd36bd2c774e13f9a09563ce8de4abaa7226f5108262fa3e637284 \
    --hash=sha256:406bf18d345822d6c21366031003612b9c77b3e29ffdb0f612367352aab7d586 \
    --hash=sha256:4819fa52133c9aa3c387b3328f25c1facc356491e6135b459f1de698ff64d869 \
    --hash=sha256:482c982f814460eabe1d3bb0adfdc583387bd4691ef00b90575ca0d2b6fe2294 \
    --hash=sha256:4bc36bbc0b7584de96561184ad7f012478987882ebf9f9c389b23f432ea3d90f \
    --hash=sha256:506d766a8727beef16b7adaeb8ee6217c64fc813646b424d0804d67c16eddb66 \
    --hash=sha256:56121965f7a4dc965bff783d70b907ddf3d57f6eba29b6d2e5dabfaf07799c51 \
    --hash=sha256:58133647260ea01e4d0500089a8c4f07bd7aa6ce109682b1426394988d8aaacc \
    --hash=sha256:5921a4d3ca3aee735d9fd163808f5e8dd6c6972101e4adbda9a4667908849b97 \
    --hash=sha256:5a4e67afbc95fa5c34cf27d9089bca7fcab4e51e57278d710320a70b956d1b9a \
    --hash=sha256:5cb1b2f9742240e4bb26b652a5aeb840aa4b417c7748b6f8387927bc6e45e40d \
    --hash=sha256:62de39db01b8d593e45871af2af9e497295db8d73b085f6bfd0b18c83c70a8f9 \
    --hash=sha256:634e8609e89ceecea15e2d61bc9ac3718caaaa71963717bf3c8f38bfde64242c \
    --hash=sha256:63510af5e38f8955b8ee5687740d6ebf7c2a0886d15a6d65c32814613681bc07 \
    --hash=sha256:650ae77860b45cfa6e2cdafc42618ceafab3a2d9a3811fcfbd3bbf8ac3c40d36 \
    --hash=sha256:6561e94ba9dacc9c61bce40e2d6bdc3bfaa0259d3ff36ace3b1e6901936d2e3e \
    --hash=sha256:65840751b72fbfd82c3c640cff9284545342a4f1eb1586ad0636955b261b0b05 \
    --hash=sha256:6cb58b9c66f7e4179a2d5e0f849c48eff5c1fca560994d6eb6543abf955a149e \
    --hash=sha256:6f52298fbd394f9ed112d56f3d11aabd0d5bd27beb3084cc3d8ad069483b8941 \
    --hash=sha256:707625ef0983fcfb461acfaf14de2067c5942c6bb0f3b4c99158bed6fedd3cf3 \
    --hash=sha256:72f6c8b11857a856bcfa48c86f5368439f74453563f951e473514579d44aa612 \
    --hash=sha256:753e230374206729bf0a807954bcc6c150d3743928a73faffee51ac6557a03c3 \
    --hash=sha256:76d0819de158cd855d1cbb8fcafdf6f5cf1eb8e470abe056d5d161106e38062b \
    --hash=sha256:76ee27c6e9c7f16f47db7a94157112a2f3a00e958bc626e2f4ee8bec5c328fbe \
    --hash=sha256:77b63866ca88d804225eaa4af3e664c5faf3568cea95360d21f4725ab6e07146 \
    --hash=sha256:79ec52ec461e99e13791ec6508c722742ad745571f234ea6255bed38c6480f11 \
    --hash=sha256:7b93a4d08587e2b7e7882de461e82b6ed76d9026ce91ca7915e740ecc7855f60 \
    --hash=sha256:7da7087d756b19037bc2c06edc6c170eeef3c3bafcb8f532ff17d64dc427adfd \
    --hash=sha256:7f3bf998340c6d4b0c9a2f02d6a400e51f123b59565d74dc60d252ce888c260b \
    --hash=sha256:80aa89cad80b32a912a65332f64a4450ed00966111b6615ca6816153d3585a8c \
    --hash=sha256:8566def80554c3faa0e65ac30ab0932b9e3a5cd7f8323764303d468e5c37595a \
    --hash=sha256:873e0d5b4fb9b89ef7c2d2a963ea7d02879d9da0da8d9d4933dee8ee86a8b460 \
    --hash=sha256:88942d3a3dff3afc8288c21e565e476fc278902ae4d6d134f1eeda118cc830b1 \
    --hash=sha256:8bfeaf8735be79f225f3fefab7f941c712aaca36f1128c9d7e2352ee1aa87bdf \
    --hash=sha256:8e7c86f27c585ef37c35e56a96363ab8de4e549a95512445b85c96d3e2f7c1bf \
    --hash=sha256:915c3d10f81bec3a74fbd4faebe8391013ba61e5a1a8d48c4455b923bdda7858 \
    --hash=sha256:93e8740d7503eb008aa2df04d3b9735f845d43ae845e6dcd2be0b55a2da43cd2 \
    --hash=sha256:941103c9be18ac8daf7b7adca8228f8ed6bb7a1849020f643b3a14d15b1924d9 \
    --hash=sha256:97aeba56665b4c3235a0e52b2c2f5ae9cd071b8a8310ad27bddb3f7fb30e9aa2 \
    --hash=sha256:a39455728aabd58ceabb03c90e12f71fd30fa69615760a075b9fec596456ccc3 \
    --hash=sha256:a3a52f6156e73e7ccb0f8cced536adccb7042be67cb45f9562e12b319c119da6 \
    --hash=sha256:a668ce24de96165bb239160b3d854943128f4334822900534f2fe947930e5770 \
    --hash=sha256:a75dafbf87d6276ddc5b2bf6fae5254e3d0876b626eb24969a574fff9149ee5d \
    --hash=sha256:aabf5777b5c8ca26f7824cb4a120a740c9588ed58df9b2d196ce92fba42ff8dc \
    --hash=sha256:aec5cf2fd867b4ff45b9959f8b20ea3993fc93e63c7363fe6851424c8a7e7c23 \
    --hash=sha256:b2379fa7ed44ddecb5bfe4e48577d752db9fc10be00a6b7446e9663ba143de26 \
    --hash=sha256:b4ececa40ac28afa90871c2cc2b9ffd2ff0bf749380fbdf57d165fd23da353aa \
    --hash=sha256:b5819cd790dbf0c5eb9f82c73c16b39a65dd6dd4d1439dcdea7816ec9adddab8 \
    --hash=sha256:b74557b16e390ec12dca509bce9264c3bbd128f8a2c376eaa68003d7f327276d \
    --hash=sha256:b80aa5095cd3109962a298ce14110ae16b8c1aece8b72f9dafe81cf597ad80b3 \
    --hash=sha256:b93590ae81f7010dbe380cdeab6f515902ebcbefe0b9327cc4804d74e93ae69d \
    --hash=sha256:b96d5f26b05d03cc60f11a7761a5ded1741da411e7fe0909e27a5e6a0cb7b034 \
    --hash=sha256:bd3d54f38609ff308209bd43acea66061494157703364ae40c951f83ba99a1a9 \
    --hash=sha256:bfea2a5f0b4d8d43adf9d7b8bf019fb46fdd10a2e5cde477fbcb9d1fa08c68e1 \
    --hash=sha256:c007fe8a43d43b3969e8469004e9845944f1a80e6acd47c150856bb87f230c56 \
    --hash=sha256:c1df3d34aced70add6f867a8cf413e299177e0c22660cc767218373d0779487b \
    --hash=sha256:c23e27686783f60290e36827f9c626e63154b82b116d7fe9adba1fda36da706c \
    --hash=sha256:c8d8b4eb992936023be7dee581270af5c6e0697a8559895f527f5b7105ecd36a \
    --hash=sha256:c9e19dd6e28fdcaa5a1de679aec4141f691023916427ef9bae8584f9c2fb3b0e \
    --hash=sha256:d0d2568a8c11bf8225044aa94409e21da0cb09dcdafe9ecd10250b2baad531a9 \
    --hash=sha256:d38548150c39b74aeeb0ce8ee1d8e82696f4a4e16ddc6de7b1d8823f7de4b9b5 \
    --hash=sha256:d3a978c4f57a597908b7e697229d996d77a6d3c94901e9edee593adada95ce1a \
    --hash=sha256:d5160812ea7a8a2ffbe233d8da666880cad0cbaf5d4de74ae15c313213d62556 \
    --hash=sha256:dc799088c08fa04e43144b164feb0c13f9a0bc40503f8df3e9fde58a3c0c101e \
    --hash=sha256:df3959765b553b9440adfd3c795617c352154e497a4eaf3752555cfb5da8fc49 \
    --hash=sha256:dfa8a0c812ac681395907e71e1274819dec685fec28273a28905df579ef137e2 \
    --hash=sha256:e25c479382d26a2a41b7ebea1043564a937db462816ea07afa8a44c0866d52f9 \
    --hash=sha256:e4f4a984405e91527a0d62649ee21138f8e3d0ef103be488c1dc11a80d7f184b \
    --hash=sha256:e536c98a7626a98feb2d3eaf75944ef6f3dbee447e1f841eae16f2f0a72d8ddc \
    --hash=sha256:e56ba91f47764cc14f1daacd723e3e82d1a89d783f0f5afe9c364b8bb491ccdb \
    --hash=sha256:e672ba74fbc2dc8eea59fb6d4aed6845e6905fc2a8afe93175d94a83ba2a01a0 \
    --hash=sha256:e7b576130c69225432866fe2f4a469a85a54ade141d96fd396dffcf607b558f8 \
    --hash=sha256:e8465ab91a4bd96d36dde3263f06caa6a8a6019e4113f24dc753d79a8b3a3f82 \
    --hash=sha256:e96cea19e34778f8d59fe40775a7a574d95816eb150850a85a7a4c8f4b94ac69 \
    --hash=sha256:ece5c59f0ce7d001e017643d8d24da587ea1f74f6993467d85ae8a5ef9d4f42b \
    --hash=sha256:eceb81a8d74f9267ef4081e246ffd6d129da5d87e37a77c9bde550cb04870c1c \
    --hash=sha256:ed2e99c456e3fadd05c991f8f437ef902e00eedf34320ba2b0842bd1c3ca3a75 \
    --hash=sha256:f0cd744688278965817fd0839c4a4116add48d23890d468bc436f78beb28abf5 \
    --hash=sha256:f14f8f046c14563f8eb3f45f499cc658ab8d10072961e07225e507adb700e93f \
    --hash=sha256:f15489ba13d61f670dcc96772e733aad1a6f9c429cc27574c6cdaed82d0146ad \
    --hash=sha256:f31d95a179f8d64d90f6831d71fa93290893a33148d890ba15de25642c5d075b \
    --hash=sha256:f41a7489d32336dbf2199c8c0a215390a751c5b014c2c1c5366e817202e9cdf7 \
    --hash=sha256:f41eb9797986d6ebac5e8edff36d5cef9de40def462311b3eb3eeded1431e425 \
    --hash=sha256:f547144f2966e1e16ae626d8ce72b4cfa0caedc7fa28052001c94fb2fcaa1c52
    # via pydantic
pydantic-settings==2.13.1 \
    --hash=sha256:b4c11847b15237fb0171e1462bf540e294affb9b86db4d9aa5c01730bdbe4025 \
    --hash=sha256:d56fd801823dbeae7f0975e1f8c8e25c258eb75d278ea7abb5d9cebb01b56237
    # via -r requirements.txt
pyjwt==2.12.1 \
    --hash=sha256:28ca37c070cad8ba8cd9790cd940535d40274d22f80ab87f3ac6a713e6e8454c \
    --hash=sha256:c74a7a2adf861c04d002db713dd85f84beb242228e671280bf709d765b03672b
    # via redis
python-dateutil==2.9.0.post0 \
    --hash=sha256:37dd54208da7e1cd875388217d5e00ebd4179249f90fb72437e91a35459a0ad3 \
    --hash=sha256:a8b2bc7bffae282281c8140a97d3aa9c14da0b136dfe83f850eea9a5f7470427
    # via lance-namespace-urllib3-client
python-dotenv==1.2.2 \
    --hash=sha256:1d8214789a24de455a8b8bd8ae6fe3c6b69a5e3d64aa8a8e5d68e694bbcb285a \
    --hash=sha256:2c371a91fbd7ba082c2c1dc1f8bf89ca22564a087c2c287cd9b662adde799cf3
    # via pydantic-settings
redis==5.3.1 \
    --hash=sha256:ca49577a531ea64039b5a36db3d6cd1a0c7a60c34124d46924a45b956e8cf14c \
    --hash=sha256:dc1909bd24669cc31b5f67a039700b16ec30571096c5f1f0d9d2324bff31af97
    # via -r requirements.txt
six==1.17.0 \
    --hash=sha256:4721f391ed90541fddacab5acf947aa0d3dc7d27b2e1e8eda2be8970586c3274 \
    --hash=sha256:ff70335d468e7eb6ec65b95b99d3a2836546063f63acc5171de367e834932a81
    # via python-dateutil
slowapi==0.1.9 \
    --hash=sha256:639192d0f1ca01b1c6d95bf6c71d794c3a9ee189855337b4821f7f457dddad77 \
    --hash=sha256:cfad116cfb84ad9d763ee155c1e5c5cbf00b0d47399a769b227865f5df576e36
    # via -r requirements.txt
sse-starlette==2.4.1 \
    --hash=sha256:08b77ea898ab1a13a428b2b6f73cfe6d0e607a7b4e15b9bb23e4a37b087fd39a \
    --hash=sha256:7c8a800a1ca343e9165fc06bbda45c78e4c6166320707ae30b416c42da070926
    # via -r requirements.txt
starlette==0.49.3 \
    --hash=sha256:1c14546f299b5901a1ea0e34410575bc33bbd741377a10484a54445588d00284 \
    --hash=sha256:b579b99715fdc2980cf88c8ec96d3bf1ce16f5a8051a7c2b84ef9b1cdecaea2f
    # via fastapi
structlog==25.5.0 \
    --hash=sha256:098522a3bebed9153d4570c6d0288abf80a031dfdb2048d59a49e9dc2190fc98 \
    --hash=sha256:a8453e9b9e636ec59bd9e79bbd4a72f025981b3ba0f5837aebf48f02f37a7f9f
    # via -r requirements.txt
tqdm==4.67.3 \
    --hash=sha256:7d825f03f89244ef73f1d4ce193cb1774a8179fd96f31d7e1dcde62092b960bb \
    --hash=sha256:ee1e4c0e59148062281c49d80b25b67771a127c85fc9676d3be5f243206826bf
    # via lancedb
typing-extensions==4.15.0 \
    --hash=sha256:0cea48d173cc12fa28ecabc3b837ea3cf6f38c6d1136f85cbaaf598984861466 \
    --hash=sha256:f0fa19c6845758ab08074a0cfa8b7aecb71c999ca73d62883bc25cc018c4e548
    # via
    #   anyio
    #   fastapi
    #   lance-namespace-urllib3-client
    #   limits
    #   pydantic
    #   pydantic-core
    #   starlette
    #   typing-inspection
typing-inspection==0.4.2 \
    --hash=sha256:4ed1cacbdc298c220f1bd249ed5287caa16f34d44ef4e9c3d0cbad5b521545e7 \
    --hash=sha256:ba561c48a67c5958007083d386c3295464928b01faa735ab8547c5692e87f464
    # via
    #   pydantic
    #   pydantic-settings
urllib3==2.6.3 \
    --hash=sha256:1b62b6884944a57dbe321509ab94fd4d3b307075e0c2eae991ac71ee15ad38ed \
    --hash=sha256:bf272323e553dfb2e87d9bfd225ca7b0f467b919d7bbd355436d3fd37cb0acd4
    # via lance-namespace-urllib3-client
uvicorn==0.35.0 \
    --hash=sha256:197535216b25ff9b785e29a0b79199f55222193d47f820816e7da751e9bc8d4a \
    --hash=sha256:bc662f087f7cf2ce11a1d7fd70b90c9f98ef2e2831556dd078d131b96cc94a01
    # via -r requirements.txt
watchdog==5.0.3 \
    --hash=sha256:0f9332243355643d567697c3e3fa07330a1d1abf981611654a1f2bf2175612b7 \
    --hash=sha256:1021223c08ba8d2d38d71ec1704496471ffd7be42cfb26b87cd5059323a389a1 \
    --hash=sha256:108f42a7f0345042a854d4d0ad0834b741d421330d5f575b81cb27b883500176 \
    --hash=sha256:1e9679245e3ea6498494b3028b90c7b25dbb2abe65c7d07423ecfc2d6218ff7c \
    --hash=sha256:223160bb359281bb8e31c8f1068bf71a6b16a8ad3d9524ca6f523ac666bb6a1e \
    --hash=sha256:26dd201857d702bdf9d78c273cafcab5871dd29343748524695cecffa44a8d97 \
    --hash=sha256:294b7a598974b8e2c6123d19ef15de9abcd282b0fbbdbc4d23dfa812959a9e05 \
    --hash=sha256:349c9488e1d85d0a58e8cb14222d2c51cbc801ce11ac3936ab4c3af986536926 \
    --hash=sha256:49f4d36cb315c25ea0d946e018c01bb028048023b9e103d3d3943f58e109dd45 \
    --hash=sha256:53a3f10b62c2d569e260f96e8d966463dec1a50fa4f1b22aec69e3f91025060e \
    --hash=sha256:53adf73dcdc0ef04f7735066b4a57a4cd3e49ef135daae41d77395f0b5b692cb \
    --hash=sha256:560135542c91eaa74247a2e8430cf83c4342b29e8ad4f520ae14f0c8a19cfb5b \
    --hash=sha256:720ef9d3a4f9ca575a780af283c8fd3a0674b307651c1976714745090da5a9e8 \
    --hash=sha256:752fb40efc7cc8d88ebc332b8f4bcbe2b5cc7e881bccfeb8e25054c00c994ee3 \
    --hash=sha256:78864cc8f23dbee55be34cc1494632a7ba30263951b5b2e8fc8286b95845f82c \
    --hash=sha256:85527b882f3facda0579bce9d743ff7f10c3e1e0db0a0d0e28170a7d0e5ce2ea \
    --hash=sha256:90a67d7857adb1d985aca232cc9905dd5bc4803ed85cfcdcfcf707e52049eda7 \
    --hash=sha256:91b522adc25614cdeaf91f7897800b82c13b4b8ac68a42ca959f992f6990c490 \
    --hash=sha256:9413384f26b5d050b6978e6fcd0c1e7f0539be7a4f1a885061473c5deaa57221 \
    --hash=sha256:94d11b07c64f63f49876e0ab8042ae034674c8653bfcdaa8c4b32e71cfff87e8 \
    --hash=sha256:950f531ec6e03696a2414b6308f5c6ff9dab7821a768c9d5788b1314e9a46ca7 \
    --hash=sha256:a2e8f3f955d68471fa37b0e3add18500790d129cc7efe89971b8a4cc6fdeb0b2 \
    --hash=sha256:ae6deb336cba5d71476caa029ceb6e88047fc1dc74b62b7c4012639c0b563906 \
    --hash=sha256:b8ca4d854adcf480bdfd80f46fdd6fb49f91dd020ae11c89b3a79e19454ec627 \
    --hash=sha256:c66f80ee5b602a9c7ab66e3c9f36026590a0902db3aea414d59a2f55188c1f49 \
    --hash=sha256:d52db5beb5e476e6853da2e2d24dbbbed6797b449c8bf7ea118a4ee0d2c9040e \
    --hash=sha256:dd021efa85970bd4824acacbb922066159d0f9e546389a4743d56919b6758b91 \
    --hash=sha256:e25adddab85f674acac303cf1f5835951345a56c5f7f582987d266679979c75b \
    --hash=sha256:f00b4cf737f568be9665563347a910f8bdc76f88c2970121c86243c8cfdf90e9 \
    --hash=sha256:f01f4a3565a387080dc49bdd1fefe4ecc77f894991b88ef927edbfa45eb10818
    # via -r requirements.txt
wrapt==2.1.2 \
    --hash=sha256:08ffa54146a7559f5b8df4b289b46d963a8e74ed16ba3687f99896101a3990c5 \
    --hash=sha256:0fc04bc8664a8bc4c8e00b37b5355cffca2535209fba1abb09ae2b7c76ddf82b \
    --hash=sha256:1370e516598854e5b4366e09ce81e08bfe94d42b0fd569b88ec46cc56d9164a9 \
    --hash=sha256:162e4e2ba7542da9027821cb6e7c5e068d64f9a10b5f15512ea28e954893a267 \
    --hash=sha256:16997dfb9d67addc2e3f41b62a104341e80cac52f91110dece393923c0ebd5ca \
    --hash=sha256:1c51c738d7d9faa0b3601708e7e2eda9bf779e1b601dce6c77411f2a1b324a63 \
    --hash=sha256:1c6cc827c00dc839350155f316f1f8b4b0c370f52b6a19e782e2bda89600c7dc \
    --hash=sha256:2b8b28e97a44d21836259739ae76284e180b18abbb4dcfdff07a415cf1016c3e \
    --hash=sha256:2d3ff4f0024dd224290c0eabf0240f1bfc1f26363431505fb1b0283d3b08f11d \
    --hash=sha256:305d8a1755116bfdad5dda9e771dcb2138990a1d66e9edd81658816edf51aed1 \
    --hash=sha256:3144b027ff30cbd2fca07c0a87e67011adb717eb5f5bd8496325c17e454257a3 \
    --hash=sha256:3278c471f4468ad544a691b31bb856374fbdefb7fee1a152153e64019379f015 \
    --hash=sha256:3756219045f73fb28c5d7662778e4156fbd06cf823c4d2d4b19f97305e52819c \
    --hash=sha256:3769a77df8e756d65fbc050333f423c01ae012b4f6731aaf70cf2bef61b34596 \
    --hash=sha256:3969c56e4563c375861c8df14fa55146e81ac11c8db49ea6fb7f2ba58bc1ff9a \
    --hash=sha256:3996a67eecc2c68fd47b4e3c564405a5777367adfd9b8abb58387b63ee83b21e \
    --hash=sha256:3b8d15e52e195813efe5db8cec156eebe339aaf84222f4f4f051a6c01f237ed7 \
    --hash=sha256:3beb22f674550d5634642c645aba4c72a2c66fb185ae1aebe1e955fae5a13baf \
    --hash=sha256:3d7b6fd105f8b24e5bd23ccf41cb1d1099796524bcc6f7fbb8fe576c44befbc9 \
    --hash=sha256:4006c351de6d5007aa33a551f600404ba44228a89e833d2fadc5caa5de8edfbf \
    --hash=sha256:45914e8efbe4b9d5102fcf0e8e2e3258b83a5d5fba9f8f7b6d15681e9d29ffe0 \
    --hash=sha256:467e7c76315390331c67073073d00662015bb730c566820c9ca9b54e4d67fd04 \
    --hash=sha256:478282ebd3795a089154fb16d3db360e103aa13d3b2ad30f8f6aac0d2207de0e \
    --hash=sha256:4b7a86d99a14f76facb269dc148590c01aaf47584071809a70da30555228158c \
    --hash=sha256:4bdf26e03e6d0da3f0e9422fd36bcebf7bc0eeb55fdf9c727a09abc6b9fe472e \
    --hash=sha256:5681123e60aed0e64c7d44f72bbf8b4ce45f79d81467e2c4c728629f5baf06eb \
    --hash=sha256:577dff354e7acd9d411eaf4bfe76b724c89c89c8fc9b7e127ee28c5f7bcb25b6 \
    --hash=sha256:57d7c0c980abdc5f1d98b11a2aa3bb159790add80258c717fa49a99921456d90 \
    --hash=sha256:5a0a0a3a882393095573344075189eb2d566e0fd205a2b6414e9997b1b800a8b \
    --hash=sha256:5c35b5d82b16a3bc6e0a04349b606a0582bc29f573786aebe98e0c159bc48db6 \
    --hash=sha256:5e0fa9cc32300daf9eb09a1f5bdc6deb9a79defd70d5356ba453bcd50aef3742 \
    --hash=sha256:62503ffbc2d3a69891cf29beeaccdb4d5e0a126e2b6a851688d4777e01428dbb \
    --hash=sha256:6433ea84e1cfacf32021d2a4ee909554ade7fd392caa6f7c13f1f4bf7b8e8748 \
    --hash=sha256:64a07a71d2730ba56f11d1a4b91f7817dc79bc134c11516b75d1921a7c6fcda1 \
    --hash=sha256:6de1a3851c27e0bd6a04ca993ea6f80fc53e6c742ee1601f486c08e9f9b900a9 \
    --hash=sha256:6f2c5390460de57fa9582bc8a1b7a6c86e1a41dfad74c5225fc07044c15cc8d1 \
    --hash=sha256:6f8dbdd3719e534860d6a78526aafc220e0241f981367018c2875178cf83a413 \
    --hash=sha256:6f97edc9842cf215312b75fe737ee7c8adda75a89979f8e11558dfff6343cc4b \
    --hash=sha256:710f6e5dfaf6a5d5c397d2d6758a78fecd9649deb21f1b645f5b57a328d63050 \
    --hash=sha256:72aaa9d0d8e4ed0e2e98019cea47a21f823c9dd4b43c7b77bba6679ffcca6a00 \
    --hash=sha256:76405518ca4e1b76fbb1b9f686cff93aebae03920cc55ceeec48ff9f719c5f67 \
    --hash=sha256:767c0dbbe76cae2a60dd2b235ac0c87c9cccf4898aef8062e57bead46b5f6894 \
    --hash=sha256:776867878e83130c7a04237010463372e877c1c994d449ca6aaafeab6aab2586 \
    --hash=sha256:787fd6f4d67befa6fe2abdffcbd3de2d82dfc6fb8a6d850407c53332709d030b \
    --hash=sha256:79847b83eb38e70d93dc392c7c5b587efe65b3e7afcc167aa8abd5d60e8761c8 \
    --hash=sha256:7dfa9f2cf65d027b951d05c662cc99ee3bd01f6e4691ed39848a7a5fffc902b2 \
    --hash=sha256:84ce8f1c2104d2f6daa912b1b5b039f331febfeee74f8042ad4e04992bd95c8f \
    --hash=sha256:866abdbf4612e0b34764922ef8b1c5668867610a718d3053d59e24a5e5fcfc15 \
    --hash=sha256:96159a0ee2b0277d44201c3b5be479a9979cf154e8c82fa5df49586a8e7679bb \
    --hash=sha256:970d57ed83fa040d8b20c52fe74a6ae7e3775ae8cff5efd6a81e06b19078484c \
    --hash=sha256:98ba61833a77b747901e9012072f038795de7fc77849f1faa965464f3f87ff2d \
    --hash=sha256:9c691a6bc752c0cc4711cc0c00896fcd0f116abc253609ef64ef930032821842 \
    --hash=sha256:a5d516e22aedb7c9c1d47cba1c63160b1a6f61ec2f3948d127cd38d5cfbb556f \
    --hash=sha256:a76d61a2e851996150ba0f80582dd92a870643fa481f3b3846f229de88caf044 \
    --hash=sha256:a819e39017f95bf7aede768f75915635aa8f671f2993c036991b8d3bfe8dbb6f \
    --hash=sha256:a8914c754d3134a3032601c6984db1c576e6abaf3fc68094bb8ab1379d75ff92 \
    --hash=sha256:a9372fc3639a878c8e7d87e1556fa209091b0a66e912c611e3f833e2c4202be2 \
    --hash=sha256:a93cd767e37faeddbe07d8fc4212d5cba660af59bdb0f6372c93faaa13e6e679 \
    --hash=sha256:a9b9d50c9af998875a1482a038eb05755dfd6fe303a313f6a940bb53a83c3f18 \
    --hash=sha256:a9dd9813825f7ecb018c17fd147a01845eb330254dff86d3b5816f20f4d6aaf8 \
    --hash=sha256:b89f095fe98bc12107f82a9f7d570dc83a0870291aeb6b1d7a7d35575f55d98a \
    --hash=sha256:b8aefb4dbb18d904b96827435a763fa42fc1f08ea096a391710407a60983ced8 \
    --hash=sha256:b8fd6fa2b2c4e7621808f8c62e8317f4aae56e59721ad933bac5239d913cf0e8 \
    --hash=sha256:bbac24d879aa22998e87f6b3f481a5216311e7d53c7db87f189a7a0266dafffb \
    --hash=sha256:c0be8b5a74c5824e9359b53e7e58bef71a729bacc82e16587db1c4ebc91f7c5a \
    --hash=sha256:c20b757c268d30d6215916a5fa8461048d023865d888e437fab451139cad6c8e \
    --hash=sha256:c7e6cd120ef837d5b6f860a6ea3745f8763805c418bb2f12eeb1fa6e25f22d22 \
    --hash=sha256:c87cf3f0c85e27b3ac7d9ad95da166bf8739ca215a8b171e8404a2d739897a45 \
    --hash=sha256:c8e46ae8e4032792eb2f677dbd0d557170a8e5524d22acc55199f43efedd39bf \
    --hash=sha256:cef91c95a50596fcdc31397eb6955476f82ae8a3f5a8eabdc13611b60ee380ba \
    --hash=sha256:d1c5fea4f9fe3762e2b905fdd67df51e4be7a73b7674957af2d2ade71a5c075d \
    --hash=sha256:d307aa6888d5efab2c1cde09843d48c843990be13069003184b67d426d145394 \
    --hash=sha256:d8f7740e1af13dff2684e4d56fe604a7e04d6c94e737a60568d8d4238b9a0c71 \
    --hash=sha256:da1f00a557c66225d53b095a97eace0fc5349e3bfda28fa34ffae238978ee575 \
    --hash=sha256:dad63212b168de8569b1c512f4eac4b57f2c6934b30df32d6ee9534a79f1493f \
    --hash=sha256:de9f1a2bbc5ac7f6012ec24525bdd444765a2ff64b5985ac6e0692144838542e \
    --hash=sha256:e3d3b35eedcf5f7d022291ecd7533321c4775f7b9cd0050a31a68499ba45757c \
    --hash=sha256:e5aeab8fe15c3dff75cfee94260dcd9cded012d4ff06add036c28fae7718593b \
    --hash=sha256:e6ed62c82ddf58d001096ae84ce7f833db97ae2263bff31c9b336ba8cfe3f508 \
    --hash=sha256:eba8155747eb2cae4a0b913d9ebd12a1db4d860fc4c829d7578c7b989bd3f2f0 \
    --hash=sha256:f01277d9a5fc1862f26f7626da9cf443bebc0abd2f303f41c5e995b15887dabd \
    --hash=sha256:f069e113743a21a3defac6677f000068ebb931639f789b5b226598e247a4c89e \
    --hash=sha256:f0d8fc30a43b5fe191cf2b1a0c82bab2571dadd38e7c0062ee87d6df858dd06e \
    --hash=sha256:f29c827a8d9936ac320746747a016c4bc66ef639f5cd0d32df24f5eacbf9c69f \
    --hash=sha256:f3b7d73012ea75aee5844de58c88f44cf62d0d62711e39da5a82824a7c4626a8 \
    --hash=sha256:f8bc1c264d8d1cf5b3560a87bbdd31131573eb25f9f9447bb6252b8d4c44a3a1 \
    --hash=sha256:f8fba1bae256186a83d1875b2b1f4e2d1242e8fac0f58ec0d7e41b26967b965c \
    --hash=sha256:fab036efe5464ec3291411fabb80a7a39e2dd80bae9bcbeeca5087fdfa891e19 \
    --hash=sha256:ff2aad9c4cda28a8f0653fc2d487596458c2a3f475e56ba02909e950a9efa6a9 \
    --hash=sha256:ff95d4264e55839be37bafe1536db2ab2de19da6b65f9244f01f332b5286cfbf
    # via deprecated
